
Microsoft Visual Studio Solution File, Format Version 12.00
# Visual Studio Version 16
VisualStudioVersion = 16.0.29920.165
MinimumVisualStudioVersion = 10.0.40219.1
Project("{FAE04EC0-301F-11D3-BF4B-00C04F79EFBC}") = "VeracodeMessageQueue", "VeracodeMessageQueue\VeracodeMessageQueue.csproj", "{F6B32C17-D612-4AC0-BB8D-778A75B50653}"
EndProject
Project("{2150E333-8FDC-42A3-9474-1A3956D46DE8}") = "Solution Items", "Solution Items", "{16A3BD67-162B-4896-9D97-26D0040D3AF9}"
	ProjectSection(SolutionItems) = preProject
		..\.gitignore = ..\.gitignore
		..\azure-pipelines.yml = ..\azure-pipelines.yml
		..\README.md = ..\README.md
	EndProjectSection
EndProject
Global
	GlobalSection(SolutionConfigurationPlatforms) = preSolution
		Debug|Any CPU = Debug|Any CPU
		Release|Any CPU = Release|Any CPU
	EndGlobalSection
	GlobalSection(ProjectConfigurationPlatforms) = postSolution
		{F6B32C17-D612-4AC0-BB8D-778A75B50653}.Debug|Any CPU.ActiveCfg = Debug|Any CPU
		{F6B32C17-D612-4AC0-BB8D-778A75B50653}.Debug|Any CPU.Build.0 = Debug|Any CPU
		{F6B32C17-D612-4AC0-BB8D-778A75B50653}.Release|Any CPU.ActiveCfg = Release|Any CPU
		{F6B32C17-D612-4AC0-BB8D-778A75B50653}.Release|Any CPU.Build.0 = Release|Any CPU
	EndGlobalSection
	GlobalSection(SolutionProperties) = preSolution
		HideSolutionNode = FALSE
	EndGlobalSection
	GlobalSection(ExtensibilityGlobals) = postSolution
		SolutionGuid = {30C619B6-2FC5-4990-80D0-D72581F8D149}
	EndGlobalSection
EndGlobal
